
Microsoft Visual Studio Solution File, Format Version 12.00
# Visual Studio Version 17
VisualStudioVersion = 17.11.35312.102
MinimumVisualStudioVersion = 10.0.40219.1
Project("{FAE04EC0-301F-11D3-BF4B-00C04F79EFBC}") = "Csharp2_ControlTower", "Csharp2_ControlTower\Csharp2_ControlTower.csproj", "{4A429910-4919-4011-A42C-8697B98F3E2A}"
EndProject
Global
	GlobalSection(SolutionConfigurationPlatforms) = preSolution
		Debug|Any CPU = Debug|Any CPU
		Release|Any CPU = Release|Any CPU
	EndGlobalSection
	GlobalSection(ProjectConfigurationPlatforms) = postSolution
		{4A429910-4919-4011-A42C-8697B98F3E2A}.Debug|Any CPU.ActiveCfg = Debug|Any CPU
		{4A429910-4919-4011-A42C-8697B98F3E2A}.Debug|Any CPU.Build.0 = Debug|Any CPU
		{4A429910-4919-4011-A42C-8697B98F3E2A}.Release|Any CPU.ActiveCfg = Release|Any CPU
		{4A429910-4919-4011-A42C-8697B98F3E2A}.Release|Any CPU.Build.0 = Release|Any CPU
	EndGlobalSection
	GlobalSection(SolutionProperties) = preSolution
		HideSolutionNode = FALSE
	EndGlobalSection
	GlobalSection(ExtensibilityGlobals) = postSolution
		SolutionGuid = {03F049B0-9ABB-4147-91F2-6C0D646EC0D5}
	EndGlobalSection
EndGlobal
